{
    "version": 3,
    "terraform_version": "0.11.11",
    "serial": 1,
    "lineage": "27677d47-c4ce-7e0e-efb5-fb0a1e6e78a0",
    "modules": [
        {
            "path": [
                "root"
            ],
            "outputs": {},
            "resources": {
                "google_compute_firewall.firewall_puma": {
                    "type": "google_compute_firewall",
                    "depends_on": [],
                    "primary": {
                        "id": "allow-puma-default",
                        "attributes": {
                            "allow.#": "1",
                            "allow.539470597.ports.#": "2",
                            "allow.539470597.ports.0": "9292",
                            "allow.539470597.ports.1": "80",
                            "allow.539470597.protocol": "tcp",
                            "creation_timestamp": "2019-03-04T13:32:07.033-08:00",
                            "deny.#": "0",
                            "description": "",
                            "destination_ranges.#": "0",
                            "direction": "INGRESS",
                            "disabled": "false",
                            "id": "allow-puma-default",
                            "name": "allow-puma-default",
                            "network": "https://www.googleapis.com/compute/v1/projects/docker-233311/global/networks/default",
                            "priority": "1000",
                            "project": "docker-233311",
                            "self_link": "https://www.googleapis.com/compute/v1/projects/docker-233311/global/firewalls/allow-puma-default",
                            "source_ranges.#": "1",
                            "source_ranges.1080289494": "0.0.0.0/0",
                            "source_service_accounts.#": "0",
                            "source_tags.#": "0",
                            "target_service_accounts.#": "0",
                            "target_tags.#": "1",
                            "target_tags.1799682348": "reddit-app"
                        },
                        "meta": {
                            "e2bfb730-ecaa-11e6-8f88-34363bc7c4c0": {
                                "create": 240000000000,
                                "delete": 240000000000,
                                "update": 240000000000
                            },
                            "schema_version": "1"
                        },
                        "tainted": false
                    },
                    "deposed": [],
                    "provider": "provider.google"
                },
                "google_compute_instance.app.0": {
                    "type": "google_compute_instance",
                    "depends_on": [],
                    "primary": {
                        "id": "reddit-app-0",
                        "attributes": {
                            "attached_disk.#": "0",
                            "boot_disk.#": "1",
                            "boot_disk.0.auto_delete": "true",
                            "boot_disk.0.device_name": "persistent-disk-0",
                            "boot_disk.0.disk_encryption_key_raw": "",
                            "boot_disk.0.disk_encryption_key_sha256": "",
                            "boot_disk.0.initialize_params.#": "1",
                            "boot_disk.0.initialize_params.0.image": "https://www.googleapis.com/compute/v1/projects/ubuntu-os-cloud/global/images/ubuntu-1604-xenial-v20190212",
                            "boot_disk.0.initialize_params.0.size": "10",
                            "boot_disk.0.initialize_params.0.type": "pd-standard",
                            "boot_disk.0.source": "https://www.googleapis.com/compute/v1/projects/docker-233311/zones/europe-west1-b/disks/reddit-app-0",
                            "can_ip_forward": "false",
                            "cpu_platform": "Intel Sandy Bridge",
                            "deletion_protection": "false",
                            "guest_accelerator.#": "0",
                            "hostname": "",
                            "id": "reddit-app-0",
                            "instance_id": "8485282639376295863",
                            "label_fingerprint": "42WmSpB8rSM=",
                            "labels.%": "0",
                            "machine_type": "g1-small",
                            "metadata.%": "1",
                            "metadata.ssh-keys": "appuser:ssh-rsa AAAAB3NzaC1yc2EAAAADAQABAAABAQDcUtx4Rtv2GmFf09IcpeKhJpiA9RmD0xGj37lCc/KePEaJZwjfx2o5XrRsBErf9YKJVFY2bwtKFSxqjeIKwGoFG+WLbInnxHvh6iFm597a3tUwp89EOu13g3JBOsPVQ9J6J7tD91QK0+8pOrqwThu4AO+WpdIwjBUqagStbRWj2PMdu/x/5n0a1eY9j1ZeRw1hM9PL4ByiqpBTJViM5T/eRZA/Klu0bSkxAtvd/f7wU9Ha3xP0ill/1G+cOGuqXGT0FhQ0qbUZyKer3K8wMIP4FRagnVWm+GLonGjcW5MqOIUCuilONv7X8BXNgGnPJxmvYlD1zbLUWOAxTZy+O5ID zateevas@localhost.localdomain\n",
                            "metadata_fingerprint": "1sJqW28mLy8=",
                            "metadata_startup_script": "",
                            "min_cpu_platform": "",
                            "name": "reddit-app-0",
                            "network_interface.#": "1",
                            "network_interface.0.access_config.#": "1",
                            "network_interface.0.access_config.0.assigned_nat_ip": "",
                            "network_interface.0.access_config.0.nat_ip": "34.76.3.167",
                            "network_interface.0.access_config.0.network_tier": "PREMIUM",
                            "network_interface.0.access_config.0.public_ptr_domain_name": "",
                            "network_interface.0.address": "",
                            "network_interface.0.alias_ip_range.#": "0",
                            "network_interface.0.name": "nic0",
                            "network_interface.0.network": "https://www.googleapis.com/compute/v1/projects/docker-233311/global/networks/default",
                            "network_interface.0.network_ip": "10.132.0.14",
                            "network_interface.0.subnetwork": "https://www.googleapis.com/compute/v1/projects/docker-233311/regions/europe-west1/subnetworks/default",
                            "network_interface.0.subnetwork_project": "docker-233311",
                            "project": "docker-233311",
                            "scheduling.#": "1",
                            "scheduling.0.automatic_restart": "true",
                            "scheduling.0.on_host_maintenance": "MIGRATE",
                            "scheduling.0.preemptible": "false",
                            "scratch_disk.#": "0",
                            "self_link": "https://www.googleapis.com/compute/v1/projects/docker-233311/zones/europe-west1-b/instances/reddit-app-0",
                            "service_account.#": "0",
                            "tags.#": "1",
                            "tags.1799682348": "reddit-app",
                            "tags_fingerprint": "M-ggixIz-AU=",
                            "zone": "europe-west1-b"
                        },
                        "meta": {
                            "e2bfb730-ecaa-11e6-8f88-34363bc7c4c0": {
                                "create": 360000000000,
                                "delete": 360000000000,
                                "update": 360000000000
                            },
                            "schema_version": "6"
                        },
                        "tainted": false
                    },
                    "deposed": [],
                    "provider": "provider.google"
                },
                "google_compute_instance.app.1": {
                    "type": "google_compute_instance",
                    "depends_on": [],
                    "primary": {
                        "id": "reddit-app-1",
                        "attributes": {
                            "attached_disk.#": "0",
                            "boot_disk.#": "1",
                            "boot_disk.0.auto_delete": "true",
                            "boot_disk.0.device_name": "persistent-disk-0",
                            "boot_disk.0.disk_encryption_key_raw": "",
                            "boot_disk.0.disk_encryption_key_sha256": "",
                            "boot_disk.0.initialize_params.#": "1",
                            "boot_disk.0.initialize_params.0.image": "https://www.googleapis.com/compute/v1/projects/ubuntu-os-cloud/global/images/ubuntu-1604-xenial-v20190212",
                            "boot_disk.0.initialize_params.0.size": "10",
                            "boot_disk.0.initialize_params.0.type": "pd-standard",
                            "boot_disk.0.source": "https://www.googleapis.com/compute/v1/projects/docker-233311/zones/europe-west1-b/disks/reddit-app-1",
                            "can_ip_forward": "false",
                            "cpu_platform": "Intel Sandy Bridge",
                            "deletion_protection": "false",
                            "guest_accelerator.#": "0",
                            "hostname": "",
                            "id": "reddit-app-1",
                            "instance_id": "1688438709534336951",
                            "label_fingerprint": "42WmSpB8rSM=",
                            "labels.%": "0",
                            "machine_type": "g1-small",
                            "metadata.%": "1",
                            "metadata.ssh-keys": "appuser:ssh-rsa AAAAB3NzaC1yc2EAAAADAQABAAABAQDcUtx4Rtv2GmFf09IcpeKhJpiA9RmD0xGj37lCc/KePEaJZwjfx2o5XrRsBErf9YKJVFY2bwtKFSxqjeIKwGoFG+WLbInnxHvh6iFm597a3tUwp89EOu13g3JBOsPVQ9J6J7tD91QK0+8pOrqwThu4AO+WpdIwjBUqagStbRWj2PMdu/x/5n0a1eY9j1ZeRw1hM9PL4ByiqpBTJViM5T/eRZA/Klu0bSkxAtvd/f7wU9Ha3xP0ill/1G+cOGuqXGT0FhQ0qbUZyKer3K8wMIP4FRagnVWm+GLonGjcW5MqOIUCuilONv7X8BXNgGnPJxmvYlD1zbLUWOAxTZy+O5ID zateevas@localhost.localdomain\n",
                            "metadata_fingerprint": "1sJqW28mLy8=",
                            "metadata_startup_script": "",
                            "min_cpu_platform": "",
                            "name": "reddit-app-1",
                            "network_interface.#": "1",
                            "network_interface.0.access_config.#": "1",
                            "network_interface.0.access_config.0.assigned_nat_ip": "",
                            "network_interface.0.access_config.0.nat_ip": "34.76.88.224",
                            "network_interface.0.access_config.0.network_tier": "PREMIUM",
                            "network_interface.0.access_config.0.public_ptr_domain_name": "",
                            "network_interface.0.address": "",
                            "network_interface.0.alias_ip_range.#": "0",
                            "network_interface.0.name": "nic0",
                            "network_interface.0.network": "https://www.googleapis.com/compute/v1/projects/docker-233311/global/networks/default",
                            "network_interface.0.network_ip": "10.132.0.15",
                            "network_interface.0.subnetwork": "https://www.googleapis.com/compute/v1/projects/docker-233311/regions/europe-west1/subnetworks/default",
                            "network_interface.0.subnetwork_project": "docker-233311",
                            "project": "docker-233311",
                            "scheduling.#": "1",
                            "scheduling.0.automatic_restart": "true",
                            "scheduling.0.on_host_maintenance": "MIGRATE",
                            "scheduling.0.preemptible": "false",
                            "scratch_disk.#": "0",
                            "self_link": "https://www.googleapis.com/compute/v1/projects/docker-233311/zones/europe-west1-b/instances/reddit-app-1",
                            "service_account.#": "0",
                            "tags.#": "1",
                            "tags.1799682348": "reddit-app",
                            "tags_fingerprint": "M-ggixIz-AU=",
                            "zone": "europe-west1-b"
                        },
                        "meta": {
                            "e2bfb730-ecaa-11e6-8f88-34363bc7c4c0": {
                                "create": 360000000000,
                                "delete": 360000000000,
                                "update": 360000000000
                            },
                            "schema_version": "6"
                        },
                        "tainted": false
                    },
                    "deposed": [],
                    "provider": "provider.google"
                },
                "google_compute_instance.app.2": {
                    "type": "google_compute_instance",
                    "depends_on": [],
                    "primary": {
                        "id": "reddit-app-2",
                        "attributes": {
                            "attached_disk.#": "0",
                            "boot_disk.#": "1",
                            "boot_disk.0.auto_delete": "true",
                            "boot_disk.0.device_name": "persistent-disk-0",
                            "boot_disk.0.disk_encryption_key_raw": "",
                            "boot_disk.0.disk_encryption_key_sha256": "",
                            "boot_disk.0.initialize_params.#": "1",
                            "boot_disk.0.initialize_params.0.image": "https://www.googleapis.com/compute/v1/projects/ubuntu-os-cloud/global/images/ubuntu-1604-xenial-v20190212",
                            "boot_disk.0.initialize_params.0.size": "10",
                            "boot_disk.0.initialize_params.0.type": "pd-standard",
                            "boot_disk.0.source": "https://www.googleapis.com/compute/v1/projects/docker-233311/zones/europe-west1-b/disks/reddit-app-2",
                            "can_ip_forward": "false",
                            "cpu_platform": "Intel Sandy Bridge",
                            "deletion_protection": "false",
                            "guest_accelerator.#": "0",
                            "hostname": "",
                            "id": "reddit-app-2",
                            "instance_id": "6143338437174896567",
                            "label_fingerprint": "42WmSpB8rSM=",
                            "labels.%": "0",
                            "machine_type": "g1-small",
                            "metadata.%": "1",
                            "metadata.ssh-keys": "appuser:ssh-rsa AAAAB3NzaC1yc2EAAAADAQABAAABAQDcUtx4Rtv2GmFf09IcpeKhJpiA9RmD0xGj37lCc/KePEaJZwjfx2o5XrRsBErf9YKJVFY2bwtKFSxqjeIKwGoFG+WLbInnxHvh6iFm597a3tUwp89EOu13g3JBOsPVQ9J6J7tD91QK0+8pOrqwThu4AO+WpdIwjBUqagStbRWj2PMdu/x/5n0a1eY9j1ZeRw1hM9PL4ByiqpBTJViM5T/eRZA/Klu0bSkxAtvd/f7wU9Ha3xP0ill/1G+cOGuqXGT0FhQ0qbUZyKer3K8wMIP4FRagnVWm+GLonGjcW5MqOIUCuilONv7X8BXNgGnPJxmvYlD1zbLUWOAxTZy+O5ID zateevas@localhost.localdomain\n",
                            "metadata_fingerprint": "1sJqW28mLy8=",
                            "metadata_startup_script": "",
                            "min_cpu_platform": "",
                            "name": "reddit-app-2",
                            "network_interface.#": "1",
                            "network_interface.0.access_config.#": "1",
                            "network_interface.0.access_config.0.assigned_nat_ip": "",
                            "network_interface.0.access_config.0.nat_ip": "34.76.15.220",
                            "network_interface.0.access_config.0.network_tier": "PREMIUM",
                            "network_interface.0.access_config.0.public_ptr_domain_name": "",
                            "network_interface.0.address": "",
                            "network_interface.0.alias_ip_range.#": "0",
                            "network_interface.0.name": "nic0",
                            "network_interface.0.network": "https://www.googleapis.com/compute/v1/projects/docker-233311/global/networks/default",
                            "network_interface.0.network_ip": "10.132.0.16",
                            "network_interface.0.subnetwork": "https://www.googleapis.com/compute/v1/projects/docker-233311/regions/europe-west1/subnetworks/default",
                            "network_interface.0.subnetwork_project": "docker-233311",
                            "project": "docker-233311",
                            "scheduling.#": "1",
                            "scheduling.0.automatic_restart": "true",
                            "scheduling.0.on_host_maintenance": "MIGRATE",
                            "scheduling.0.preemptible": "false",
                            "scratch_disk.#": "0",
                            "self_link": "https://www.googleapis.com/compute/v1/projects/docker-233311/zones/europe-west1-b/instances/reddit-app-2",
                            "service_account.#": "0",
                            "tags.#": "1",
                            "tags.1799682348": "reddit-app",
                            "tags_fingerprint": "M-ggixIz-AU=",
                            "zone": "europe-west1-b"
                        },
                        "meta": {
                            "e2bfb730-ecaa-11e6-8f88-34363bc7c4c0": {
                                "create": 360000000000,
                                "delete": 360000000000,
                                "update": 360000000000
                            },
                            "schema_version": "6"
                        },
                        "tainted": false
                    },
                    "deposed": [],
                    "provider": "provider.google"
                }
            },
            "depends_on": []
        }
    ]
}
